Microsoft Visual Studio Solution File, Format Version 12.00
# Visual Studio 15
VisualStudioVersion = 15.0.27130.2010
MinimumVisualStudioVersion = 10.0.40219.1
Project("{9A19103F-16F7-4668-BE54-9A1E7A4F7556}") = "Poco", "Poco\Poco.csproj", "{03682EE2-D2E4-4469-98B9-7BD5BE6E745E}"
EndProject
Project("{9A19103F-16F7-4668-BE54-9A1E7A4F7556}") = "Poco.Sail", "Poco.Sail\Poco.Sail.csproj", "{A01EE634-44BB-404E-BFAF-BFD2167DD483}"
EndProject
Project("{9A19103F-16F7-4668-BE54-9A1E7A4F7556}") = "Poco.Gui", "Poco.Gui\Poco.Gui.csproj", "{4220E3F1-A71F-4CCB-8DFE-F3D256CDE171}"
EndProject
Project("{2150E333-8FDC-42A3-9474-1A3956D46DE8}") = "Example", "Example", "{FD5144E3-10C6-4F12-BBA0-48640B098117}"
EndProject
Project("{9A19103F-16F7-4668-BE54-9A1E7A4F7556}") = "Platformer", "Example\Platformer\Platformer.csproj", "{1775EC09-695E-48EE-8BFF-D2D6AD0E216C}"
EndProject
Project("{9A19103F-16F7-4668-BE54-9A1E7A4F7556}") = "Roguelike", "Example\Roguelike\Roguelike.csproj", "{21C526C5-C5FC-4EFA-934F-2729B66A12E6}"
EndProject
Project("{9A19103F-16F7-4668-BE54-9A1E7A4F7556}") = "Roleplaying", "Example\Roleplaying\Roleplaying.csproj", "{4ED340EB-AA1B-4F14-8727-A8447320FD43}"
EndProject
Project("{9A19103F-16F7-4668-BE54-9A1E7A4F7556}") = "Shooting", "Example\Shooting\Shooting.csproj", "{F40D7EAE-5F52-47B5-922F-A763B03D14BE}"
EndProject
Global
	GlobalSection(SolutionConfigurationPlatforms) = preSolution
		Debug|Any CPU = Debug|Any CPU
		Debug|x64 = Debug|x64
		Debug|x86 = Debug|x86
		Release|Any CPU = Release|Any CPU
		Release|x64 = Release|x64
		Release|x86 = Release|x86
	EndGlobalSection
	GlobalSection(ProjectConfigurationPlatforms) = postSolution
		{03682EE2-D2E4-4469-98B9-7BD5BE6E745E}.Debug|Any CPU.ActiveCfg = Debug|Any CPU
		{03682EE2-D2E4-4469-98B9-7BD5BE6E745E}.Debug|Any CPU.Build.0 = Debug|Any CPU
		{03682EE2-D2E4-4469-98B9-7BD5BE6E745E}.Debug|x64.ActiveCfg = Debug|Any CPU
		{03682EE2-D2E4-4469-98B9-7BD5BE6E745E}.Debug|x64.Build.0 = Debug|Any CPU
		{03682EE2-D2E4-4469-98B9-7BD5BE6E745E}.Debug|x86.ActiveCfg = Debug|Any CPU
		{03682EE2-D2E4-4469-98B9-7BD5BE6E745E}.Debug|x86.Build.0 = Debug|Any CPU
		{03682EE2-D2E4-4469-98B9-7BD5BE6E745E}.Release|Any CPU.ActiveCfg = Release|Any CPU
		{03682EE2-D2E4-4469-98B9-7BD5BE6E745E}.Release|Any CPU.Build.0 = Release|Any CPU
		{03682EE2-D2E4-4469-98B9-7BD5BE6E745E}.Release|x64.ActiveCfg = Release|Any CPU
		{03682EE2-D2E4-4469-98B9-7BD5BE6E745E}.Release|x64.Build.0 = Release|Any CPU
		{03682EE2-D2E4-4469-98B9-7BD5BE6E745E}.Release|x86.ActiveCfg = Release|Any CPU
		{03682EE2-D2E4-4469-98B9-7BD5BE6E745E}.Release|x86.Build.0 = Release|Any CPU
		{A01EE634-44BB-404E-BFAF-BFD2167DD483}.Debug|Any CPU.ActiveCfg = Debug|Any CPU
		{A01EE634-44BB-404E-BFAF-BFD2167DD483}.Debug|Any CPU.Build.0 = Debug|Any CPU
		{A01EE634-44BB-404E-BFAF-BFD2167DD483}.Debug|x64.ActiveCfg = Debug|Any CPU
		{A01EE634-44BB-404E-BFAF-BFD2167DD483}.Debug|x64.Build.0 = Debug|Any CPU
		{A01EE634-44BB-404E-BFAF-BFD2167DD483}.Debug|x86.ActiveCfg = Debug|Any CPU
		{A01EE634-44BB-404E-BFAF-BFD2167DD483}.Debug|x86.Build.0 = Debug|Any CPU
		{A01EE634-44BB-404E-BFAF-BFD2167DD483}.Release|Any CPU.ActiveCfg = Release|Any CPU
		{A01EE634-44BB-404E-BFAF-BFD2167DD483}.Release|Any CPU.Build.0 = Release|Any CPU
		{A01EE634-44BB-404E-BFAF-BFD2167DD483}.Release|x64.ActiveCfg = Release|Any CPU
		{A01EE634-44BB-404E-BFAF-BFD2167DD483}.Release|x64.Build.0 = Release|Any CPU
		{A01EE634-44BB-404E-BFAF-BFD2167DD483}.Release|x86.ActiveCfg = Release|Any CPU
		{A01EE634-44BB-404E-BFAF-BFD2167DD483}.Release|x86.Build.0 = Release|Any CPU
		{4220E3F1-A71F-4CCB-8DFE-F3D256CDE171}.Debug|Any CPU.ActiveCfg = Debug|Any CPU
		{4220E3F1-A71F-4CCB-8DFE-F3D256CDE171}.Debug|Any CPU.Build.0 = Debug|Any CPU
		{4220E3F1-A71F-4CCB-8DFE-F3D256CDE171}.Debug|x64.ActiveCfg = Debug|Any CPU
		{4220E3F1-A71F-4CCB-8DFE-F3D256CDE171}.Debug|x64.Build.0 = Debug|Any CPU
		{4220E3F1-A71F-4CCB-8DFE-F3D256CDE171}.Debug|x86.ActiveCfg = Debug|Any CPU
		{4220E3F1-A71F-4CCB-8DFE-F3D256CDE171}.Debug|x86.Build.0 = Debug|Any CPU
		{4220E3F1-A71F-4CCB-8DFE-F3D256CDE171}.Release|Any CPU.ActiveCfg = Release|Any CPU
		{4220E3F1-A71F-4CCB-8DFE-F3D256CDE171}.Release|Any CPU.Build.0 = Release|Any CPU
		{4220E3F1-A71F-4CCB-8DFE-F3D256CDE171}.Release|x64.ActiveCfg = Release|Any CPU
		{4220E3F1-A71F-4CCB-8DFE-F3D256CDE171}.Release|x64.Build.0 = Release|Any CPU
		{4220E3F1-A71F-4CCB-8DFE-F3D256CDE171}.Release|x86.ActiveCfg = Release|Any CPU
		{4220E3F1-A71F-4CCB-8DFE-F3D256CDE171}.Release|x86.Build.0 = Release|Any CPU
		{1775EC09-695E-48EE-8BFF-D2D6AD0E216C}.Debug|Any CPU.ActiveCfg = Debug|Any CPU
		{1775EC09-695E-48EE-8BFF-D2D6AD0E216C}.Debug|Any CPU.Build.0 = Debug|Any CPU
		{1775EC09-695E-48EE-8BFF-D2D6AD0E216C}.Debug|x64.ActiveCfg = Debug|Any CPU
		{1775EC09-695E-48EE-8BFF-D2D6AD0E216C}.Debug|x64.Build.0 = Debug|Any CPU
		{1775EC09-695E-48EE-8BFF-D2D6AD0E216C}.Debug|x86.ActiveCfg = Debug|Any CPU
		{1775EC09-695E-48EE-8BFF-D2D6AD0E216C}.Debug|x86.Build.0 = Debug|Any CPU
		{1775EC09-695E-48EE-8BFF-D2D6AD0E216C}.Release|Any CPU.ActiveCfg = Release|Any CPU
		{1775EC09-695E-48EE-8BFF-D2D6AD0E216C}.Release|Any CPU.Build.0 = Release|Any CPU
		{1775EC09-695E-48EE-8BFF-D2D6AD0E216C}.Release|x64.ActiveCfg = Release|Any CPU
		{1775EC09-695E-48EE-8BFF-D2D6AD0E216C}.Release|x64.Build.0 = Release|Any CPU
		{1775EC09-695E-48EE-8BFF-D2D6AD0E216C}.Release|x86.ActiveCfg = Release|Any CPU
		{1775EC09-695E-48EE-8BFF-D2D6AD0E216C}.Release|x86.Build.0 = Release|Any CPU
		{21C526C5-C5FC-4EFA-934F-2729B66A12E6}.Debug|Any CPU.ActiveCfg = Debug|Any CPU
		{21C526C5-C5FC-4EFA-934F-2729B66A12E6}.Debug|Any CPU.Build.0 = Debug|Any CPU
		{21C526C5-C5FC-4EFA-934F-2729B66A12E6}.Debug|x64.ActiveCfg = Debug|Any CPU
		{21C526C5-C5FC-4EFA-934F-2729B66A12E6}.Debug|x64.Build.0 = Debug|Any CPU
		{21C526C5-C5FC-4EFA-934F-2729B66A12E6}.Debug|x86.ActiveCfg = Debug|Any CPU
		{21C526C5-C5FC-4EFA-934F-2729B66A12E6}.Debug|x86.Build.0 = Debug|Any CPU
		{21C526C5-C5FC-4EFA-934F-2729B66A12E6}.Release|Any CPU.ActiveCfg = Release|Any CPU
		{21C526C5-C5FC-4EFA-934F-2729B66A12E6}.Release|Any CPU.Build.0 = Release|Any CPU
		{21C526C5-C5FC-4EFA-934F-2729B66A12E6}.Release|x64.ActiveCfg = Release|Any CPU
		{21C526C5-C5FC-4EFA-934F-2729B66A12E6}.Release|x64.Build.0 = Release|Any CPU
		{21C526C5-C5FC-4EFA-934F-2729B66A12E6}.Release|x86.ActiveCfg = Release|Any CPU
		{21C526C5-C5FC-4EFA-934F-2729B66A12E6}.Release|x86.Build.0 = Release|Any CPU
		{4ED340EB-AA1B-4F14-8727-A8447320FD43}.Debug|Any CPU.ActiveCfg = Debug|Any CPU
		{4ED340EB-AA1B-4F14-8727-A8447320FD43}.Debug|Any CPU.Build.0 = Debug|Any CPU
		{4ED340EB-AA1B-4F14-8727-A8447320FD43}.Debug|x64.ActiveCfg = Debug|Any CPU
		{4ED340EB-AA1B-4F14-8727-A8447320FD43}.Debug|x64.Build.0 = Debug|Any CPU
		{4ED340EB-AA1B-4F14-8727-A8447320FD43}.Debug|x86.ActiveCfg = Debug|Any CPU
		{4ED340EB-AA1B-4F14-8727-A8447320FD43}.Debug|x86.Build.0 = Debug|Any CPU
		{4ED340EB-AA1B-4F14-8727-A8447320FD43}.Release|Any CPU.ActiveCfg = Release|Any CPU
		{4ED340EB-AA1B-4F14-8727-A8447320FD43}.Release|Any CPU.Build.0 = Release|Any CPU
		{4ED340EB-AA1B-4F14-8727-A8447320FD43}.Release|x64.ActiveCfg = Release|Any CPU
		{4ED340EB-AA1B-4F14-8727-A8447320FD43}.Release|x64.Build.0 = Release|Any CPU
		{4ED340EB-AA1B-4F14-8727-A8447320FD43}.Release|x86.ActiveCfg = Release|Any CPU
		{4ED340EB-AA1B-4F14-8727-A8447320FD43}.Release|x86.Build.0 = Release|Any CPU
		{F40D7EAE-5F52-47B5-922F-A763B03D14BE}.Debug|Any CPU.ActiveCfg = Debug|Any CPU
		{F40D7EAE-5F52-47B5-922F-A763B03D14BE}.Debug|Any CPU.Build.0 = Debug|Any CPU
		{F40D7EAE-5F52-47B5-922F-A763B03D14BE}.Debug|x64.ActiveCfg = Debug|Any CPU
		{F40D7EAE-5F52-47B5-922F-A763B03D14BE}.Debug|x64.Build.0 = Debug|Any CPU
		{F40D7EAE-5F52-47B5-922F-A763B03D14BE}.Debug|x86.ActiveCfg = Debug|Any CPU
		{F40D7EAE-5F52-47B5-922F-A763B03D14BE}.Debug|x86.Build.0 = Debug|Any CPU
		{F40D7EAE-5F52-47B5-922F-A763B03D14BE}.Release|Any CPU.ActiveCfg = Release|Any CPU
		{F40D7EAE-5F52-47B5-922F-A763B03D14BE}.Release|Any CPU.Build.0 = Release|Any CPU
		{F40D7EAE-5F52-47B5-922F-A763B03D14BE}.Release|x64.ActiveCfg = Release|Any CPU
		{F40D7EAE-5F52-47B5-922F-A763B03D14BE}.Release|x64.Build.0 = Release|Any CPU
		{F40D7EAE-5F52-47B5-922F-A763B03D14BE}.Release|x86.ActiveCfg = Release|Any CPU
		{F40D7EAE-5F52-47B5-922F-A763B03D14BE}.Release|x86.Build.0 = Release|Any CPU
	EndGlobalSection
	GlobalSection(SolutionProperties) = preSolution
		HideSolutionNode = FALSE
	EndGlobalSection
	GlobalSection(NestedProjects) = preSolution
		{1775EC09-695E-48EE-8BFF-D2D6AD0E216C} = {FD5144E3-10C6-4F12-BBA0-48640B098117}
		{21C526C5-C5FC-4EFA-934F-2729B66A12E6} = {FD5144E3-10C6-4F12-BBA0-48640B098117}
		{4ED340EB-AA1B-4F14-8727-A8447320FD43} = {FD5144E3-10C6-4F12-BBA0-48640B098117}
		{F40D7EAE-5F52-47B5-922F-A763B03D14BE} = {FD5144E3-10C6-4F12-BBA0-48640B098117}
	EndGlobalSection
	GlobalSection(ExtensibilityGlobals) = postSolution
		SolutionGuid = {559C8614-1F8F-4902-A576-4F5E4E62E7FE}
	EndGlobalSection
EndGlobal
